
Microsoft Visual Studio Solution File, Format Version 12.00
# Visual Studio 14
VisualStudioVersion = 14.0.25123.0
MinimumVisualStudioVersion = 10.0.40219.1
Project("{8BC9CEB8-8B4A-11D0-8D11-00A0C91BC942}") = "opendht", "opendht.vcxproj", "{711397CE-E5D5-467D-9457-8716C047E50C}"
EndProject
Global
	GlobalSection(SolutionConfigurationPlatforms) = preSolution
		Debug|x64 = Debug|x64
		Debug|x86 = Debug|x86
		DebugDLL|x64 = DebugDLL|x64
		DebugDLL|x86 = DebugDLL|x86
		DebugDLLStaticDeps|x64 = DebugDLLStaticDeps|x64
		DebugDLLStaticDeps|x86 = DebugDLLStaticDeps|x86
		Release|x64 = Release|x64
		Release|x86 = Release|x86
		ReleaseDLL|x64 = ReleaseDLL|x64
		ReleaseDLL|x86 = ReleaseDLL|x86
		ReleaseDLLStaticDeps|x64 = ReleaseDLLStaticDeps|x64
		ReleaseDLLStaticDeps|x86 = ReleaseDLLStaticDeps|x86
		ReleaseLTO|x64 = ReleaseLTO|x64
		ReleaseLTO|x86 = ReleaseLTO|x86
	EndGlobalSection
	GlobalSection(ProjectConfigurationPlatforms) = postSolution
		{711397CE-E5D5-467D-9457-8716C047E50C}.Debug|x64.ActiveCfg = Debug|x64
		{711397CE-E5D5-467D-9457-8716C047E50C}.Debug|x64.Build.0 = Debug|x64
		{711397CE-E5D5-467D-9457-8716C047E50C}.Debug|x86.ActiveCfg = Debug|Win32
		{711397CE-E5D5-467D-9457-8716C047E50C}.Debug|x86.Build.0 = Debug|Win32
		{711397CE-E5D5-467D-9457-8716C047E50C}.DebugDLL|x64.ActiveCfg = Debug|x64
		{711397CE-E5D5-467D-9457-8716C047E50C}.DebugDLL|x64.Build.0 = Debug|x64
		{711397CE-E5D5-467D-9457-8716C047E50C}.DebugDLL|x86.ActiveCfg = Debug|Win32
		{711397CE-E5D5-467D-9457-8716C047E50C}.DebugDLL|x86.Build.0 = Debug|Win32
		{711397CE-E5D5-467D-9457-8716C047E50C}.DebugDLLStaticDeps|x64.ActiveCfg = Debug|x64
		{711397CE-E5D5-467D-9457-8716C047E50C}.DebugDLLStaticDeps|x64.Build.0 = Debug|x64
		{711397CE-E5D5-467D-9457-8716C047E50C}.DebugDLLStaticDeps|x86.ActiveCfg = Debug|Win32
		{711397CE-E5D5-467D-9457-8716C047E50C}.DebugDLLStaticDeps|x86.Build.0 = Debug|Win32
		{711397CE-E5D5-467D-9457-8716C047E50C}.Release|x64.ActiveCfg = Release|x64
		{711397CE-E5D5-467D-9457-8716C047E50C}.Release|x64.Build.0 = Release|x64
		{711397CE-E5D5-467D-9457-8716C047E50C}.Release|x86.ActiveCfg = Release|Win32
		{711397CE-E5D5-467D-9457-8716C047E50C}.Release|x86.Build.0 = Release|Win32
		{711397CE-E5D5-467D-9457-8716C047E50C}.ReleaseDLL|x64.ActiveCfg = Release|x64
		{711397CE-E5D5-467D-9457-8716C047E50C}.ReleaseDLL|x64.Build.0 = Release|x64
		{711397CE-E5D5-467D-9457-8716C047E50C}.ReleaseDLL|x86.ActiveCfg = Release|Win32
		{711397CE-E5D5-467D-9457-8716C047E50C}.ReleaseDLL|x86.Build.0 = Release|Win32
		{711397CE-E5D5-467D-9457-8716C047E50C}.ReleaseDLLStaticDeps|x64.ActiveCfg = Release|x64
		{711397CE-E5D5-467D-9457-8716C047E50C}.ReleaseDLLStaticDeps|x64.Build.0 = Release|x64
		{711397CE-E5D5-467D-9457-8716C047E50C}.ReleaseDLLStaticDeps|x86.ActiveCfg = Release|Win32
		{711397CE-E5D5-467D-9457-8716C047E50C}.ReleaseDLLStaticDeps|x86.Build.0 = Release|Win32
		{711397CE-E5D5-467D-9457-8716C047E50C}.ReleaseLTO|x64.ActiveCfg = Release|x64
		{711397CE-E5D5-467D-9457-8716C047E50C}.ReleaseLTO|x64.Build.0 = Release|x64
		{711397CE-E5D5-467D-9457-8716C047E50C}.ReleaseLTO|x86.ActiveCfg = Release|Win32
		{711397CE-E5D5-467D-9457-8716C047E50C}.ReleaseLTO|x86.Build.0 = Release|Win32
		{02B94302-23D6-43EF-8865-95CDE99D5DC2}.Debug|x64.ActiveCfg = Debug|x64
		{02B94302-23D6-43EF-8865-95CDE99D5DC2}.Debug|x64.Build.0 = Debug|x64
		{02B94302-23D6-43EF-8865-95CDE99D5DC2}.Debug|x86.ActiveCfg = Debug|Win32
		{02B94302-23D6-43EF-8865-95CDE99D5DC2}.Debug|x86.Build.0 = Debug|Win32
		{02B94302-23D6-43EF-8865-95CDE99D5DC2}.DebugDLL|x64.ActiveCfg = DebugDLL|x64
		{02B94302-23D6-43EF-8865-95CDE99D5DC2}.DebugDLL|x64.Build.0 = DebugDLL|x64
		{02B94302-23D6-43EF-8865-95CDE99D5DC2}.DebugDLL|x86.ActiveCfg = DebugDLL|Win32
		{02B94302-23D6-43EF-8865-95CDE99D5DC2}.DebugDLL|x86.Build.0 = DebugDLL|Win32
		{02B94302-23D6-43EF-8865-95CDE99D5DC2}.DebugDLLStaticDeps|x64.ActiveCfg = DebugDLL|x64
		{02B94302-23D6-43EF-8865-95CDE99D5DC2}.DebugDLLStaticDeps|x64.Build.0 = DebugDLL|x64
		{02B94302-23D6-43EF-8865-95CDE99D5DC2}.DebugDLLStaticDeps|x86.ActiveCfg = DebugDLL|Win32
		{02B94302-23D6-43EF-8865-95CDE99D5DC2}.DebugDLLStaticDeps|x86.Build.0 = DebugDLL|Win32
		{02B94302-23D6-43EF-8865-95CDE99D5DC2}.Release|x64.ActiveCfg = Release|x64
		{02B94302-23D6-43EF-8865-95CDE99D5DC2}.Release|x64.Build.0 = Release|x64
		{02B94302-23D6-43EF-8865-95CDE99D5DC2}.Release|x86.ActiveCfg = Release|Win32
		{02B94302-23D6-43EF-8865-95CDE99D5DC2}.Release|x86.Build.0 = Release|Win32
		{02B94302-23D6-43EF-8865-95CDE99D5DC2}.ReleaseDLL|x64.ActiveCfg = ReleaseDLL|x64
		{02B94302-23D6-43EF-8865-95CDE99D5DC2}.ReleaseDLL|x64.Build.0 = ReleaseDLL|x64
		{02B94302-23D6-43EF-8865-95CDE99D5DC2}.ReleaseDLL|x86.ActiveCfg = ReleaseDLL|Win32
		{02B94302-23D6-43EF-8865-95CDE99D5DC2}.ReleaseDLL|x86.Build.0 = ReleaseDLL|Win32
		{02B94302-23D6-43EF-8865-95CDE99D5DC2}.ReleaseDLLStaticDeps|x64.ActiveCfg = ReleaseDLL|x64
		{02B94302-23D6-43EF-8865-95CDE99D5DC2}.ReleaseDLLStaticDeps|x64.Build.0 = ReleaseDLL|x64
		{02B94302-23D6-43EF-8865-95CDE99D5DC2}.ReleaseDLLStaticDeps|x86.ActiveCfg = ReleaseDLL|Win32
		{02B94302-23D6-43EF-8865-95CDE99D5DC2}.ReleaseDLLStaticDeps|x86.Build.0 = ReleaseDLL|Win32
		{02B94302-23D6-43EF-8865-95CDE99D5DC2}.ReleaseLTO|x64.ActiveCfg = ReleaseLTO|x64
		{02B94302-23D6-43EF-8865-95CDE99D5DC2}.ReleaseLTO|x64.Build.0 = ReleaseLTO|x64
		{02B94302-23D6-43EF-8865-95CDE99D5DC2}.ReleaseLTO|x86.ActiveCfg = ReleaseLTO|Win32
		{02B94302-23D6-43EF-8865-95CDE99D5DC2}.ReleaseLTO|x86.Build.0 = ReleaseLTO|Win32
		{6F610EE8-7F59-4191-AB88-F63843267C02}.Debug|x64.ActiveCfg = Debug|x64
		{6F610EE8-7F59-4191-AB88-F63843267C02}.Debug|x64.Build.0 = Debug|x64
		{6F610EE8-7F59-4191-AB88-F63843267C02}.Debug|x86.ActiveCfg = Debug|Win32
		{6F610EE8-7F59-4191-AB88-F63843267C02}.Debug|x86.Build.0 = Debug|Win32
		{6F610EE8-7F59-4191-AB88-F63843267C02}.DebugDLL|x64.ActiveCfg = DebugDLL|x64
		{6F610EE8-7F59-4191-AB88-F63843267C02}.DebugDLL|x64.Build.0 = DebugDLL|x64
		{6F610EE8-7F59-4191-AB88-F63843267C02}.DebugDLL|x86.ActiveCfg = DebugDLL|Win32
		{6F610EE8-7F59-4191-AB88-F63843267C02}.DebugDLL|x86.Build.0 = DebugDLL|Win32
		{6F610EE8-7F59-4191-AB88-F63843267C02}.DebugDLLStaticDeps|x64.ActiveCfg = DebugDLLStaticDeps|x64
		{6F610EE8-7F59-4191-AB88-F63843267C02}.DebugDLLStaticDeps|x64.Build.0 = DebugDLLStaticDeps|x64
		{6F610EE8-7F59-4191-AB88-F63843267C02}.DebugDLLStaticDeps|x86.ActiveCfg = DebugDLLStaticDeps|Win32
		{6F610EE8-7F59-4191-AB88-F63843267C02}.DebugDLLStaticDeps|x86.Build.0 = DebugDLLStaticDeps|Win32
		{6F610EE8-7F59-4191-AB88-F63843267C02}.Release|x64.ActiveCfg = Release|x64
		{6F610EE8-7F59-4191-AB88-F63843267C02}.Release|x64.Build.0 = Release|x64
		{6F610EE8-7F59-4191-AB88-F63843267C02}.Release|x86.ActiveCfg = Release|Win32
		{6F610EE8-7F59-4191-AB88-F63843267C02}.Release|x86.Build.0 = Release|Win32
		{6F610EE8-7F59-4191-AB88-F63843267C02}.ReleaseDLL|x64.ActiveCfg = ReleaseDLL|x64
		{6F610EE8-7F59-4191-AB88-F63843267C02}.ReleaseDLL|x64.Build.0 = ReleaseDLL|x64
		{6F610EE8-7F59-4191-AB88-F63843267C02}.ReleaseDLL|x86.ActiveCfg = ReleaseDLL|Win32
		{6F610EE8-7F59-4191-AB88-F63843267C02}.ReleaseDLL|x86.Build.0 = ReleaseDLL|Win32
		{6F610EE8-7F59-4191-AB88-F63843267C02}.ReleaseDLLStaticDeps|x64.ActiveCfg = ReleaseDLLStaticDeps|x64
		{6F610EE8-7F59-4191-AB88-F63843267C02}.ReleaseDLLStaticDeps|x64.Build.0 = ReleaseDLLStaticDeps|x64
		{6F610EE8-7F59-4191-AB88-F63843267C02}.ReleaseDLLStaticDeps|x86.ActiveCfg = ReleaseDLLStaticDeps|Win32
		{6F610EE8-7F59-4191-AB88-F63843267C02}.ReleaseDLLStaticDeps|x86.Build.0 = ReleaseDLLStaticDeps|Win32
		{6F610EE8-7F59-4191-AB88-F63843267C02}.ReleaseLTO|x64.ActiveCfg = ReleaseLTO|x64
		{6F610EE8-7F59-4191-AB88-F63843267C02}.ReleaseLTO|x64.Build.0 = ReleaseLTO|x64
		{6F610EE8-7F59-4191-AB88-F63843267C02}.ReleaseLTO|x86.ActiveCfg = ReleaseLTO|Win32
		{6F610EE8-7F59-4191-AB88-F63843267C02}.ReleaseLTO|x86.Build.0 = ReleaseLTO|Win32
		{CB8BB76F-D3FF-434E-A85E-7FFC0893EC9B}.Debug|x64.ActiveCfg = Debug|x64
		{CB8BB76F-D3FF-434E-A85E-7FFC0893EC9B}.Debug|x64.Build.0 = Debug|x64
		{CB8BB76F-D3FF-434E-A85E-7FFC0893EC9B}.Debug|x86.ActiveCfg = Debug|Win32
		{CB8BB76F-D3FF-434E-A85E-7FFC0893EC9B}.Debug|x86.Build.0 = Debug|Win32
		{CB8BB76F-D3FF-434E-A85E-7FFC0893EC9B}.DebugDLL|x64.ActiveCfg = DebugDLL|x64
		{CB8BB76F-D3FF-434E-A85E-7FFC0893EC9B}.DebugDLL|x64.Build.0 = DebugDLL|x64
		{CB8BB76F-D3FF-434E-A85E-7FFC0893EC9B}.DebugDLL|x86.ActiveCfg = DebugDLL|Win32
		{CB8BB76F-D3FF-434E-A85E-7FFC0893EC9B}.DebugDLL|x86.Build.0 = DebugDLL|Win32
		{CB8BB76F-D3FF-434E-A85E-7FFC0893EC9B}.DebugDLLStaticDeps|x64.ActiveCfg = DebugDLL|x64
		{CB8BB76F-D3FF-434E-A85E-7FFC0893EC9B}.DebugDLLStaticDeps|x64.Build.0 = DebugDLL|x64
		{CB8BB76F-D3FF-434E-A85E-7FFC0893EC9B}.DebugDLLStaticDeps|x86.ActiveCfg = DebugDLL|Win32
		{CB8BB76F-D3FF-434E-A85E-7FFC0893EC9B}.DebugDLLStaticDeps|x86.Build.0 = DebugDLL|Win32
		{CB8BB76F-D3FF-434E-A85E-7FFC0893EC9B}.Release|x64.ActiveCfg = Release|x64
		{CB8BB76F-D3FF-434E-A85E-7FFC0893EC9B}.Release|x64.Build.0 = Release|x64
		{CB8BB76F-D3FF-434E-A85E-7FFC0893EC9B}.Release|x86.ActiveCfg = Release|Win32
		{CB8BB76F-D3FF-434E-A85E-7FFC0893EC9B}.Release|x86.Build.0 = Release|Win32
		{CB8BB76F-D3FF-434E-A85E-7FFC0893EC9B}.ReleaseDLL|x64.ActiveCfg = ReleaseDLL|x64
		{CB8BB76F-D3FF-434E-A85E-7FFC0893EC9B}.ReleaseDLL|x64.Build.0 = ReleaseDLL|x64
		{CB8BB76F-D3FF-434E-A85E-7FFC0893EC9B}.ReleaseDLL|x86.ActiveCfg = ReleaseDLL|Win32
		{CB8BB76F-D3FF-434E-A85E-7FFC0893EC9B}.ReleaseDLL|x86.Build.0 = ReleaseDLL|Win32
		{CB8BB76F-D3FF-434E-A85E-7FFC0893EC9B}.ReleaseDLLStaticDeps|x64.ActiveCfg = ReleaseDLL|x64
		{CB8BB76F-D3FF-434E-A85E-7FFC0893EC9B}.ReleaseDLLStaticDeps|x64.Build.0 = ReleaseDLL|x64
		{CB8BB76F-D3FF-434E-A85E-7FFC0893EC9B}.ReleaseDLLStaticDeps|x86.ActiveCfg = ReleaseDLL|Win32
		{CB8BB76F-D3FF-434E-A85E-7FFC0893EC9B}.ReleaseDLLStaticDeps|x86.Build.0 = ReleaseDLL|Win32
		{CB8BB76F-D3FF-434E-A85E-7FFC0893EC9B}.ReleaseLTO|x64.ActiveCfg = ReleaseLTO|x64
		{CB8BB76F-D3FF-434E-A85E-7FFC0893EC9B}.ReleaseLTO|x64.Build.0 = ReleaseLTO|x64
		{CB8BB76F-D3FF-434E-A85E-7FFC0893EC9B}.ReleaseLTO|x86.ActiveCfg = ReleaseLTO|Win32
		{CB8BB76F-D3FF-434E-A85E-7FFC0893EC9B}.ReleaseLTO|x86.Build.0 = ReleaseLTO|Win32
		{200F3D3C-8B84-46D8-953A-6C0EBD283B5C}.Debug|x64.ActiveCfg = Debug|x64
		{200F3D3C-8B84-46D8-953A-6C0EBD283B5C}.Debug|x64.Build.0 = Debug|x64
		{200F3D3C-8B84-46D8-953A-6C0EBD283B5C}.Debug|x86.ActiveCfg = Debug|Win32
		{200F3D3C-8B84-46D8-953A-6C0EBD283B5C}.Debug|x86.Build.0 = Debug|Win32
		{200F3D3C-8B84-46D8-953A-6C0EBD283B5C}.DebugDLL|x64.ActiveCfg = DebugDLL|x64
		{200F3D3C-8B84-46D8-953A-6C0EBD283B5C}.DebugDLL|x64.Build.0 = DebugDLL|x64
		{200F3D3C-8B84-46D8-953A-6C0EBD283B5C}.DebugDLL|x86.ActiveCfg = DebugDLL|Win32
		{200F3D3C-8B84-46D8-953A-6C0EBD283B5C}.DebugDLL|x86.Build.0 = DebugDLL|Win32
		{200F3D3C-8B84-46D8-953A-6C0EBD283B5C}.DebugDLLStaticDeps|x64.ActiveCfg = DebugDLLStaticDeps|x64
		{200F3D3C-8B84-46D8-953A-6C0EBD283B5C}.DebugDLLStaticDeps|x64.Build.0 = DebugDLLStaticDeps|x64
		{200F3D3C-8B84-46D8-953A-6C0EBD283B5C}.DebugDLLStaticDeps|x86.ActiveCfg = DebugDLLStaticDeps|Win32
		{200F3D3C-8B84-46D8-953A-6C0EBD283B5C}.DebugDLLStaticDeps|x86.Build.0 = DebugDLLStaticDeps|Win32
		{200F3D3C-8B84-46D8-953A-6C0EBD283B5C}.Release|x64.ActiveCfg = Release|x64
		{200F3D3C-8B84-46D8-953A-6C0EBD283B5C}.Release|x64.Build.0 = Release|x64
		{200F3D3C-8B84-46D8-953A-6C0EBD283B5C}.Release|x86.ActiveCfg = Release|Win32
		{200F3D3C-8B84-46D8-953A-6C0EBD283B5C}.Release|x86.Build.0 = Release|Win32
		{200F3D3C-8B84-46D8-953A-6C0EBD283B5C}.ReleaseDLL|x64.ActiveCfg = ReleaseDLL|x64
		{200F3D3C-8B84-46D8-953A-6C0EBD283B5C}.ReleaseDLL|x64.Build.0 = ReleaseDLL|x64
		{200F3D3C-8B84-46D8-953A-6C0EBD283B5C}.ReleaseDLL|x86.ActiveCfg = ReleaseDLL|Win32
		{200F3D3C-8B84-46D8-953A-6C0EBD283B5C}.ReleaseDLL|x86.Build.0 = ReleaseDLL|Win32
		{200F3D3C-8B84-46D8-953A-6C0EBD283B5C}.ReleaseDLLStaticDeps|x64.ActiveCfg = ReleaseDLLStaticDeps|x64
		{200F3D3C-8B84-46D8-953A-6C0EBD283B5C}.ReleaseDLLStaticDeps|x64.Build.0 = ReleaseDLLStaticDeps|x64
		{200F3D3C-8B84-46D8-953A-6C0EBD283B5C}.ReleaseDLLStaticDeps|x86.ActiveCfg = ReleaseDLLStaticDeps|Win32
		{200F3D3C-8B84-46D8-953A-6C0EBD283B5C}.ReleaseDLLStaticDeps|x86.Build.0 = ReleaseDLLStaticDeps|Win32
		{200F3D3C-8B84-46D8-953A-6C0EBD283B5C}.ReleaseLTO|x64.ActiveCfg = ReleaseLTO|x64
		{200F3D3C-8B84-46D8-953A-6C0EBD283B5C}.ReleaseLTO|x64.Build.0 = ReleaseLTO|x64
		{200F3D3C-8B84-46D8-953A-6C0EBD283B5C}.ReleaseLTO|x86.ActiveCfg = ReleaseLTO|Win32
		{200F3D3C-8B84-46D8-953A-6C0EBD283B5C}.ReleaseLTO|x86.Build.0 = ReleaseLTO|Win32
		{070FEF2B-0C3F-4F33-9D3C-53C7330BF518}.Debug|x64.ActiveCfg = Debug|x64
		{070FEF2B-0C3F-4F33-9D3C-53C7330BF518}.Debug|x64.Build.0 = Debug|x64
		{070FEF2B-0C3F-4F33-9D3C-53C7330BF518}.Debug|x86.ActiveCfg = Debug|Win32
		{070FEF2B-0C3F-4F33-9D3C-53C7330BF518}.Debug|x86.Build.0 = Debug|Win32
		{070FEF2B-0C3F-4F33-9D3C-53C7330BF518}.DebugDLL|x64.ActiveCfg = DebugDLL|x64
		{070FEF2B-0C3F-4F33-9D3C-53C7330BF518}.DebugDLL|x64.Build.0 = DebugDLL|x64
		{070FEF2B-0C3F-4F33-9D3C-53C7330BF518}.DebugDLL|x86.ActiveCfg = DebugDLL|Win32
		{070FEF2B-0C3F-4F33-9D3C-53C7330BF518}.DebugDLL|x86.Build.0 = DebugDLL|Win32
		{070FEF2B-0C3F-4F33-9D3C-53C7330BF518}.DebugDLLStaticDeps|x64.ActiveCfg = DebugDLL|x64
		{070FEF2B-0C3F-4F33-9D3C-53C7330BF518}.DebugDLLStaticDeps|x64.Build.0 = DebugDLL|x64
		{070FEF2B-0C3F-4F33-9D3C-53C7330BF518}.DebugDLLStaticDeps|x86.ActiveCfg = DebugDLL|Win32
		{070FEF2B-0C3F-4F33-9D3C-53C7330BF518}.DebugDLLStaticDeps|x86.Build.0 = DebugDLL|Win32
		{070FEF2B-0C3F-4F33-9D3C-53C7330BF518}.Release|x64.ActiveCfg = Release|x64
		{070FEF2B-0C3F-4F33-9D3C-53C7330BF518}.Release|x64.Build.0 = Release|x64
		{070FEF2B-0C3F-4F33-9D3C-53C7330BF518}.Release|x86.ActiveCfg = Release|Win32
		{070FEF2B-0C3F-4F33-9D3C-53C7330BF518}.Release|x86.Build.0 = Release|Win32
		{070FEF2B-0C3F-4F33-9D3C-53C7330BF518}.ReleaseDLL|x64.ActiveCfg = ReleaseDLL|x64
		{070FEF2B-0C3F-4F33-9D3C-53C7330BF518}.ReleaseDLL|x64.Build.0 = ReleaseDLL|x64
		{070FEF2B-0C3F-4F33-9D3C-53C7330BF518}.ReleaseDLL|x86.ActiveCfg = ReleaseDLL|Win32
		{070FEF2B-0C3F-4F33-9D3C-53C7330BF518}.ReleaseDLL|x86.Build.0 = ReleaseDLL|Win32
		{070FEF2B-0C3F-4F33-9D3C-53C7330BF518}.ReleaseDLLStaticDeps|x64.ActiveCfg = ReleaseDLL|x64
		{070FEF2B-0C3F-4F33-9D3C-53C7330BF518}.ReleaseDLLStaticDeps|x64.Build.0 = ReleaseDLL|x64
		{070FEF2B-0C3F-4F33-9D3C-53C7330BF518}.ReleaseDLLStaticDeps|x86.ActiveCfg = ReleaseDLL|Win32
		{070FEF2B-0C3F-4F33-9D3C-53C7330BF518}.ReleaseDLLStaticDeps|x86.Build.0 = ReleaseDLL|Win32
		{070FEF2B-0C3F-4F33-9D3C-53C7330BF518}.ReleaseLTO|x64.ActiveCfg = ReleaseLTO|x64
		{070FEF2B-0C3F-4F33-9D3C-53C7330BF518}.ReleaseLTO|x64.Build.0 = ReleaseLTO|x64
		{070FEF2B-0C3F-4F33-9D3C-53C7330BF518}.ReleaseLTO|x86.ActiveCfg = ReleaseLTO|Win32
		{070FEF2B-0C3F-4F33-9D3C-53C7330BF518}.ReleaseLTO|x86.Build.0 = ReleaseLTO|Win32
		{CA9A4A38-CC63-4BDB-8CFB-E058965DDA32}.Debug|x64.ActiveCfg = Debug|x64
		{CA9A4A38-CC63-4BDB-8CFB-E058965DDA32}.Debug|x64.Build.0 = Debug|x64
		{CA9A4A38-CC63-4BDB-8CFB-E058965DDA32}.Debug|x86.ActiveCfg = Debug|Win32
		{CA9A4A38-CC63-4BDB-8CFB-E058965DDA32}.Debug|x86.Build.0 = Debug|Win32
		{CA9A4A38-CC63-4BDB-8CFB-E058965DDA32}.DebugDLL|x64.ActiveCfg = DebugDLL|x64
		{CA9A4A38-CC63-4BDB-8CFB-E058965DDA32}.DebugDLL|x64.Build.0 = DebugDLL|x64
		{CA9A4A38-CC63-4BDB-8CFB-E058965DDA32}.DebugDLL|x86.ActiveCfg = DebugDLL|Win32
		{CA9A4A38-CC63-4BDB-8CFB-E058965DDA32}.DebugDLL|x86.Build.0 = DebugDLL|Win32
		{CA9A4A38-CC63-4BDB-8CFB-E058965DDA32}.DebugDLLStaticDeps|x64.ActiveCfg = DebugDLL|x64
		{CA9A4A38-CC63-4BDB-8CFB-E058965DDA32}.DebugDLLStaticDeps|x64.Build.0 = DebugDLL|x64
		{CA9A4A38-CC63-4BDB-8CFB-E058965DDA32}.DebugDLLStaticDeps|x86.ActiveCfg = DebugDLL|Win32
		{CA9A4A38-CC63-4BDB-8CFB-E058965DDA32}.DebugDLLStaticDeps|x86.Build.0 = DebugDLL|Win32
		{CA9A4A38-CC63-4BDB-8CFB-E058965DDA32}.Release|x64.ActiveCfg = Release|x64
		{CA9A4A38-CC63-4BDB-8CFB-E058965DDA32}.Release|x64.Build.0 = Release|x64
		{CA9A4A38-CC63-4BDB-8CFB-E058965DDA32}.Release|x86.ActiveCfg = Release|Win32
		{CA9A4A38-CC63-4BDB-8CFB-E058965DDA32}.Release|x86.Build.0 = Release|Win32
		{CA9A4A38-CC63-4BDB-8CFB-E058965DDA32}.ReleaseDLL|x64.ActiveCfg = ReleaseDLL|x64
		{CA9A4A38-CC63-4BDB-8CFB-E058965DDA32}.ReleaseDLL|x64.Build.0 = ReleaseDLL|x64
		{CA9A4A38-CC63-4BDB-8CFB-E058965DDA32}.ReleaseDLL|x86.ActiveCfg = ReleaseDLL|Win32
		{CA9A4A38-CC63-4BDB-8CFB-E058965DDA32}.ReleaseDLL|x86.Build.0 = ReleaseDLL|Win32
		{CA9A4A38-CC63-4BDB-8CFB-E058965DDA32}.ReleaseDLLStaticDeps|x64.ActiveCfg = ReleaseDLL|x64
		{CA9A4A38-CC63-4BDB-8CFB-E058965DDA32}.ReleaseDLLStaticDeps|x64.Build.0 = ReleaseDLL|x64
		{CA9A4A38-CC63-4BDB-8CFB-E058965DDA32}.ReleaseDLLStaticDeps|x86.ActiveCfg = ReleaseDLL|Win32
		{CA9A4A38-CC63-4BDB-8CFB-E058965DDA32}.ReleaseDLLStaticDeps|x86.Build.0 = ReleaseDLL|Win32
		{CA9A4A38-CC63-4BDB-8CFB-E058965DDA32}.ReleaseLTO|x64.ActiveCfg = ReleaseLTO|x64
		{CA9A4A38-CC63-4BDB-8CFB-E058965DDA32}.ReleaseLTO|x64.Build.0 = ReleaseLTO|x64
		{CA9A4A38-CC63-4BDB-8CFB-E058965DDA32}.ReleaseLTO|x86.ActiveCfg = ReleaseLTO|Win32
		{CA9A4A38-CC63-4BDB-8CFB-E058965DDA32}.ReleaseLTO|x86.Build.0 = ReleaseLTO|Win32
		{122A2EA4-B283-4241-9655-786DE78283B2}.Debug|x64.ActiveCfg = Debug|x64
		{122A2EA4-B283-4241-9655-786DE78283B2}.Debug|x64.Build.0 = Debug|x64
		{122A2EA4-B283-4241-9655-786DE78283B2}.Debug|x86.ActiveCfg = Debug|Win32
		{122A2EA4-B283-4241-9655-786DE78283B2}.Debug|x86.Build.0 = Debug|Win32
		{122A2EA4-B283-4241-9655-786DE78283B2}.DebugDLL|x64.ActiveCfg = Release|x64
		{122A2EA4-B283-4241-9655-786DE78283B2}.DebugDLL|x64.Build.0 = Release|x64
		{122A2EA4-B283-4241-9655-786DE78283B2}.DebugDLL|x86.ActiveCfg = Debug|Win32
		{122A2EA4-B283-4241-9655-786DE78283B2}.DebugDLL|x86.Build.0 = Debug|Win32
		{122A2EA4-B283-4241-9655-786DE78283B2}.DebugDLLStaticDeps|x64.ActiveCfg = Release|x64
		{122A2EA4-B283-4241-9655-786DE78283B2}.DebugDLLStaticDeps|x64.Build.0 = Release|x64
		{122A2EA4-B283-4241-9655-786DE78283B2}.DebugDLLStaticDeps|x86.ActiveCfg = Debug|Win32
		{122A2EA4-B283-4241-9655-786DE78283B2}.DebugDLLStaticDeps|x86.Build.0 = Debug|Win32
		{122A2EA4-B283-4241-9655-786DE78283B2}.Release|x64.ActiveCfg = Release|x64
		{122A2EA4-B283-4241-9655-786DE78283B2}.Release|x64.Build.0 = Release|x64
		{122A2EA4-B283-4241-9655-786DE78283B2}.Release|x86.ActiveCfg = Release|Win32
		{122A2EA4-B283-4241-9655-786DE78283B2}.Release|x86.Build.0 = Release|Win32
		{122A2EA4-B283-4241-9655-786DE78283B2}.ReleaseDLL|x64.ActiveCfg = Release|x64
		{122A2EA4-B283-4241-9655-786DE78283B2}.ReleaseDLL|x64.Build.0 = Release|x64
		{122A2EA4-B283-4241-9655-786DE78283B2}.ReleaseDLL|x86.ActiveCfg = Release|Win32
		{122A2EA4-B283-4241-9655-786DE78283B2}.ReleaseDLL|x86.Build.0 = Release|Win32
		{122A2EA4-B283-4241-9655-786DE78283B2}.ReleaseDLLStaticDeps|x64.ActiveCfg = Release|x64
		{122A2EA4-B283-4241-9655-786DE78283B2}.ReleaseDLLStaticDeps|x64.Build.0 = Release|x64
		{122A2EA4-B283-4241-9655-786DE78283B2}.ReleaseDLLStaticDeps|x86.ActiveCfg = Release|Win32
		{122A2EA4-B283-4241-9655-786DE78283B2}.ReleaseDLLStaticDeps|x86.Build.0 = Release|Win32
		{122A2EA4-B283-4241-9655-786DE78283B2}.ReleaseLTO|x64.ActiveCfg = Release|x64
		{122A2EA4-B283-4241-9655-786DE78283B2}.ReleaseLTO|x64.Build.0 = Release|x64
		{122A2EA4-B283-4241-9655-786DE78283B2}.ReleaseLTO|x86.ActiveCfg = Release|Win32
		{122A2EA4-B283-4241-9655-786DE78283B2}.ReleaseLTO|x86.Build.0 = Release|Win32
	EndGlobalSection
	GlobalSection(SolutionProperties) = preSolution
		HideSolutionNode = FALSE
	EndGlobalSection
	GlobalSection(NestedProjects) = preSolution
		HideSolutionNode = FALSE
	EndGlobalSection
EndGlobal
